Microsoft Visual Studio Solution File, Format Version 12.00
# Visual Studio Version 17
VisualStudioVersion = 17.5.2.0
MinimumVisualStudioVersion = 10.0.40219.1
Project("{FAE04EC0-301F-11D3-BF4B-00C04F79EFBC}") = "ETABridge", "ETABridge.csproj", "{97D836C7-83EF-866A-891D-D415C28C5F72}"
EndProject
Global
	GlobalSection(SolutionConfigurationPlatforms) = preSolution
		Debug|Any CPU = Debug|Any CPU
		Release|Any CPU = Release|Any CPU
	EndGlobalSection
	GlobalSection(ProjectConfigurationPlatforms) = postSolution
		{97D836C7-83EF-866A-891D-D415C28C5F72}.Debug|Any CPU.ActiveCfg = Debug|Any CPU
		{97D836C7-83EF-866A-891D-D415C28C5F72}.Debug|Any CPU.Build.0 = Debug|Any CPU
		{97D836C7-83EF-866A-891D-D415C28C5F72}.Release|Any CPU.ActiveCfg = Release|Any CPU
		{97D836C7-83EF-866A-891D-D415C28C5F72}.Release|Any CPU.Build.0 = Release|Any CPU
	EndGlobalSection
	GlobalSection(SolutionProperties) = preSolution
		HideSolutionNode = FALSE
	EndGlobalSection
	GlobalSection(ExtensibilityGlobals) = postSolution
		SolutionGuid = {38E3E2BC-7D23-4250-A098-EC1DB42214D3}
	EndGlobalSection
EndGlobal
